
Microsoft Visual Studio Solution File, Format Version 12.00
# Visual Studio 15
Project("{FAE04EC0-301F-11D3-BF4B-00C04F79EFBC}") = "Meryel.CodeAssist.Editor", "Meryel.CodeAssist.Editor.csproj", "{B42C6F94-FCD9-9AAF-E430-3B6D09A78A4E}"
EndProject
Project("{FAE04EC0-301F-11D3-BF4B-00C04F79EFBC}") = "Assembly-CSharp", "Assembly-CSharp.csproj", "{408F3F54-B69C-F4FD-3A6F-87411F83BE4B}"
EndProject
Global
	GlobalSection(SolutionConfigurationPlatforms) = preSolution
		Debug|Any CPU = Debug|Any CPU
		Release|Any CPU = Release|Any CPU
	EndGlobalSection
	GlobalSection(ProjectConfigurationPlatforms) = postSolution
		{B42C6F94-FCD9-9AAF-E430-3B6D09A78A4E}.Debug|Any CPU.ActiveCfg = Debug|Any CPU
		{B42C6F94-FCD9-9AAF-E430-3B6D09A78A4E}.Debug|Any CPU.Build.0 = Debug|Any CPU
		{B42C6F94-FCD9-9AAF-E430-3B6D09A78A4E}.Release|Any CPU.ActiveCfg = Release|Any CPU
		{B42C6F94-FCD9-9AAF-E430-3B6D09A78A4E}.Release|Any CPU.Build.0 = Release|Any CPU
		{408F3F54-B69C-F4FD-3A6F-87411F83BE4B}.Debug|Any CPU.ActiveCfg = Debug|Any CPU
		{408F3F54-B69C-F4FD-3A6F-87411F83BE4B}.Debug|Any CPU.Build.0 = Debug|Any CPU
		{408F3F54-B69C-F4FD-3A6F-87411F83BE4B}.Release|Any CPU.ActiveCfg = Release|Any CPU
		{408F3F54-B69C-F4FD-3A6F-87411F83BE4B}.Release|Any CPU.Build.0 = Release|Any CPU
	EndGlobalSection
	GlobalSection(SolutionProperties) = preSolution
		HideSolutionNode = FALSE
	EndGlobalSection
EndGlobal
